
Microsoft Visual Studio Solution File, Format Version 12.00
# Visual Studio Version 17
VisualStudioVersion = 17.1.32421.90
MinimumVisualStudioVersion = 10.0.40219.1
Project("{FAE04EC0-301F-11D3-BF4B-00C04F79EFBC}") = "WebAPI", "WebAPI.csproj", "{060E1FE6-2B70-4E8B-82CD-2FF246F4CC0C}"
EndProject
Global
	GlobalSection(SolutionConfigurationPlatforms) = preSolution
		Debug|Any CPU = Debug|Any CPU
		Release|Any CPU = Release|Any CPU
	EndGlobalSection
	GlobalSection(ProjectConfigurationPlatforms) = postSolution
		{060E1FE6-2B70-4E8B-82CD-2FF246F4CC0C}.Debug|Any CPU.ActiveCfg = Debug|Any CPU
		{060E1FE6-2B70-4E8B-82CD-2FF246F4CC0C}.Debug|Any CPU.Build.0 = Debug|Any CPU
		{060E1FE6-2B70-4E8B-82CD-2FF246F4CC0C}.Release|Any CPU.ActiveCfg = Release|Any CPU
		{060E1FE6-2B70-4E8B-82CD-2FF246F4CC0C}.Release|Any CPU.Build.0 = Release|Any CPU
	EndGlobalSection
	GlobalSection(SolutionProperties) = preSolution
		HideSolutionNode = FALSE
	EndGlobalSection
	GlobalSection(ExtensibilityGlobals) = postSolution
		SolutionGuid = {FE509739-229D-4ED3-80A0-6A7C630F19C6}
	EndGlobalSection
EndGlobal
